{
  "lockfile_version": "1",
  "packages": {
    "docker@latest": {
      "last_modified": "2026-06-05T19:07:58Z",
      "resolved": "github:NixOS/nixpkgs/891eaa77f0eed53352194677991bd30978f9b0ad#docker",
      "source": "devbox-search",
      "version": "29.5.2",
      "systems": {
        "aarch64-darwin": {
          "outputs": [
            {
              "name": "out",
              "path": "/nix/store/6hz62n44yhyp1pkqd0ppbvwf80sd5zac-docker-29.5.2",
              "default": true
            }
          ],
          "store_path": "/nix/store/6hz62n44yhyp1pkqd0ppbvwf80sd5zac-docker-29.5.2"
        },
        "aarch64-linux": {
          "outputs": [
            {
              "name": "out",
              "path": "/nix/store/lpyffv0gwmjr406gjjwgb5zqr8adza2k-docker-29.5.2",
              "default": true
            }
          ],
          "store_path": "/nix/store/lpyffv0gwmjr406gjjwgb5zqr8adza2k-docker-29.5.2"
        },
        "x86_64-darwin": {
          "outputs": [
            {
              "name": "out",
              "path": "/nix/store/gd4wrzdpbigqg64y6y83fci0jn65axjy-docker-29.5.2",
              "default": true
            }
          ],
          "store_path": "/nix/store/gd4wrzdpbigqg64y6y83fci0jn65axjy-docker-29.5.2"
        },
        "x86_64-linux": {
          "outputs": [
            {
              "name": "out",
              "path": "/nix/store/2w06n3nsc152qgw8dv6xkrlch9chnh3v-docker-29.5.2",
              "default": true
            }
          ],
          "store_path": "/nix/store/2w06n3nsc152qgw8dv6xkrlch9chnh3v-docker-29.5.2"
        }
      }
    },
    "github:NixOS/nixpkgs/nixpkgs-unstable": {
      "last_modified": "2026-06-08T15:01:26Z",
      "resolved": "github:NixOS/nixpkgs/8c3cede7ddc26bd659d2d383b5610efbd2c7a16e?lastModified=1780930886&narHash=sha256-rppURzHviaQN131F%2BnLiLdGfcb0uCd9gGP0E5%2Biw9MI%3D"
    },
    "go-task@latest": {
      "last_modified": "2026-05-21T08:15:18Z",
      "resolved": "github:NixOS/nixpkgs/4a29d733e8a7d5b824c3d8c958a946a9867b3eb2#go-task",
      "source": "devbox-search",
      "version": "3.48.0",
      "systems": {
        "aarch64-darwin": {
          "outputs": [
            {
              "name": "out",
              "path": "/nix/store/hg0sx6ah2pinw09i8s3gwicq1x54gbvn-go-task-3.48.0",
              "default": true
            }
          ],
          "store_path": "/nix/store/hg0sx6ah2pinw09i8s3gwicq1x54gbvn-go-task-3.48.0"
        },
        "aarch64-linux": {
          "outputs": [
            {
              "name": "out",
              "path": "/nix/store/6bafb6yz2861yxjljadd1m22v2gryl24-go-task-3.48.0",
              "default": true
            }
          ],
          "store_path": "/nix/store/6bafb6yz2861yxjljadd1m22v2gryl24-go-task-3.48.0"
        },
        "x86_64-darwin": {
          "outputs": [
            {
              "name": "out",
              "path": "/nix/store/xajpc9zjvhmdmwjab8i8grxc248wnzpq-go-task-3.48.0",
              "default": true
            }
          ],
          "store_path": "/nix/store/xajpc9zjvhmdmwjab8i8grxc248wnzpq-go-task-3.48.0"
        },
        "x86_64-linux": {
          "outputs": [
            {
              "name": "out",
              "path": "/nix/store/ajlbzd5gnxrs1yki1sjf327rjx7qq060-go-task-3.48.0",
              "default": true
            }
          ],
          "store_path": "/nix/store/ajlbzd5gnxrs1yki1sjf327rjx7qq060-go-task-3.48.0"
        }
      }
    },
    "python@3.13": {
      "last_modified": "2025-05-16T20:19:48Z",
      "plugin_version": "0.0.4",
      "resolved": "github:NixOS/nixpkgs/12a55407652e04dcf2309436eb06fef0d3713ef3#python313",
      "source": "devbox-search",
      "version": "3.13.3",
      "systems": {
        "aarch64-darwin": {
          "outputs": [
            {
              "name": "out",
              "path": "/nix/store/1a8xg8l3m67hxinxzzcsak9736qm9vsf-python3-3.13.3",
              "default": true
            }
          ],
          "store_path": "/nix/store/1a8xg8l3m67hxinxzzcsak9736qm9vsf-python3-3.13.3"
        },
        "aarch64-linux": {
          "outputs": [
            {
              "name": "out",
              "path": "/nix/store/yy0xvc2rydhrs0h1v8d7r3sql347xzz5-python3-3.13.3",
              "default": true
            },
            {
              "name": "debug",
              "path": "/nix/store/42bxfqfrh8cwspl7szr0cw8739xv8qlq-python3-3.13.3-debug"
            }
          ],
          "store_path": "/nix/store/yy0xvc2rydhrs0h1v8d7r3sql347xzz5-python3-3.13.3"
        },
        "x86_64-darwin": {
          "outputs": [
            {
              "name": "out",
              "path": "/nix/store/gbrigjhghz9v2p0zf9b2fnvs0g0yx7q4-python3-3.13.3",
              "default": true
            }
          ],
          "store_path": "/nix/store/gbrigjhghz9v2p0zf9b2fnvs0g0yx7q4-python3-3.13.3"
        },
        "x86_64-linux": {
          "outputs": [
            {
              "name": "out",
              "path": "/nix/store/2mab9iiwhcqwk75qwvp3zv0bvbiaq6cs-python3-3.13.3",
              "default": true
            },
            {
              "name": "debug",
              "path": "/nix/store/9z6k8ijl2md0y2n95yprbjj4vxbfsi15-python3-3.13.3-debug"
            }
          ],
          "store_path": "/nix/store/2mab9iiwhcqwk75qwvp3zv0bvbiaq6cs-python3-3.13.3"
        }
      }
    },
    "uv@latest": {
      "last_modified": "2026-05-31T16:57:23Z",
      "resolved": "github:NixOS/nixpkgs/3109eaae18e09d0b8aef23dc2579e7d94b8d4b4e#uv",
      "source": "devbox-search",
      "version": "0.11.17",
      "systems": {
        "aarch64-darwin": {
          "outputs": [
            {
              "name": "out",
              "path": "/nix/store/vac3cff9gy7gwsc7fkvq6xam9y6pyfis-uv-0.11.17",
              "default": true
            }
          ],
          "store_path": "/nix/store/vac3cff9gy7gwsc7fkvq6xam9y6pyfis-uv-0.11.17"
        },
        "aarch64-linux": {
          "outputs": [
            {
              "name": "out",
              "path": "/nix/store/44ca5s53vkly9vz5rmb6f9m4v562ilqj-uv-0.11.17",
              "default": true
            }
          ],
          "store_path": "/nix/store/44ca5s53vkly9vz5rmb6f9m4v562ilqj-uv-0.11.17"
        },
        "x86_64-darwin": {
          "outputs": [
            {
              "name": "out",
              "path": "/nix/store/qnird3c2xrh089mwjir4hb756awibiiz-uv-0.11.17",
              "default": true
            }
          ],
          "store_path": "/nix/store/qnird3c2xrh089mwjir4hb756awibiiz-uv-0.11.17"
        },
        "x86_64-linux": {
          "outputs": [
            {
              "name": "out",
              "path": "/nix/store/9yd6g2f18vlqqmj38rdgm3ih5q8022d4-uv-0.11.17",
              "default": true
            }
          ],
          "store_path": "/nix/store/9yd6g2f18vlqqmj38rdgm3ih5q8022d4-uv-0.11.17"
        }
      }
    }
  }
}
